
Microsoft Visual Studio Solution File, Format Version 12.00
# Visual Studio Version 16
VisualStudioVersion = 16.0.30517.126
MinimumVisualStudioVersion = 10.0.40219.1
Project("{2150E333-8FDC-42A3-9474-1A3956D46DE8}") = "SupplierManagement", "SupplierManagement", "{C56258B9-99CD-4102-B91F-7932F89A4284}"
EndProject
Project("{2150E333-8FDC-42A3-9474-1A3956D46DE8}") = "Domian", "Domian", "{5EA66E20-E826-4B0E-A02E-B0B64333C29A}"
EndProject
Project("{2150E333-8FDC-42A3-9474-1A3956D46DE8}") = "Application", "Application", "{093A5516-8442-45C3-922A-251642525352}"
EndProject
Project("{2150E333-8FDC-42A3-9474-1A3956D46DE8}") = "Api", "Api", "{9461A352-B7EE-47BF-9E1D-2C1218544FD1}"
EndProject
Project("{2150E333-8FDC-42A3-9474-1A3956D46DE8}") = "LaboratoaryManagement", "LaboratoaryManagement", "{88345209-6E91-4F8C-B69A-01752B6BFFBD}"
EndProject
Project("{2150E333-8FDC-42A3-9474-1A3956D46DE8}") = "Domain", "Domain", "{98318C9A-9C97-4566-97AB-451878ED0127}"
EndProject
Project("{2150E333-8FDC-42A3-9474-1A3956D46DE8}") = "Application", "Application", "{44715DAC-6505-4196-B399-38AB894ED3E3}"
EndProject
Project("{2150E333-8FDC-42A3-9474-1A3956D46DE8}") = "Api", "Api", "{CF7A941F-8A00-4E4B-A42B-3C72817F3DDC}"
EndProject
Project("{9A19103F-16F7-4668-BE54-9A1E7A4F7556}") = "PDN.TPS.SupplierManagement.Api", "PDN.TPS.SupplierManagement.Api\PDN.TPS.SupplierManagement.Api.csproj", "{9F4DDFBD-C169-4DBB-99B8-D4FC1193939D}"
EndProject
Project("{2150E333-8FDC-42A3-9474-1A3956D46DE8}") = "Infrastructure", "Infrastructure", "{14164DA7-7F3B-41A9-AF48-51C7A927BAC0}"
EndProject
Project("{2150E333-8FDC-42A3-9474-1A3956D46DE8}") = "Infrastructure", "Infrastructure", "{5497CC48-291A-46B8-A817-82194043A48E}"
EndProject
Project("{9A19103F-16F7-4668-BE54-9A1E7A4F7556}") = "PDN.TPS.SupplierManagement.Persistence", "PDN.TPS.SupplierManagement.Persistence\PDN.TPS.SupplierManagement.Persistence.csproj", "{2DC819A5-D5CF-4B9E-9E08-D588BE050477}"
EndProject
Project("{9A19103F-16F7-4668-BE54-9A1E7A4F7556}") = "DNT.TPS.SupplierManagement.ApplicationService.UnitTest", "DNT.TPS.SupplierManaement.ApplicationService.UnitTest\DNT.TPS.SupplierManagement.ApplicationService.UnitTest.csproj", "{4E7CBC1E-55B4-42C2-9572-924218459FF8}"
EndProject
Project("{9A19103F-16F7-4668-BE54-9A1E7A4F7556}") = "PDN.TPS.SupplierManagement.ApplicationService", "PDN.TPS.SupplierManagement.ApplicationService\PDN.TPS.SupplierManagement.ApplicationService.csproj", "{2758B9F4-5EA0-4545-9A9E-78A3032E614E}"
EndProject
Project("{9A19103F-16F7-4668-BE54-9A1E7A4F7556}") = "PDN.TPS.SupplierManagement.ApplicationService.Contract", "PDN.TPS.SupplierManagement.ApplicationService.Contract\PDN.TPS.SupplierManagement.ApplicationService.Contract.csproj", "{C56FCEE2-0E0C-41F4-81A8-48AB0996307B}"
EndProject
Project("{9A19103F-16F7-4668-BE54-9A1E7A4F7556}") = "PDN.TPS.SupplierManagement.Domain", "PDN.TPS.SupplierManagement.Domain\PDN.TPS.SupplierManagement.Domain.csproj", "{7D264833-FF0B-4222-872D-EA910B6D3005}"
EndProject
Project("{9A19103F-16F7-4668-BE54-9A1E7A4F7556}") = "PDN.TPS.SupplierManagement.DomainContract", "PDN.TPS.SupplierManagement.DomainContract\PDN.TPS.SupplierManagement.DomainContract.csproj", "{F730CE03-B122-432A-BFFF-6935497FE38D}"
EndProject
Project("{9A19103F-16F7-4668-BE54-9A1E7A4F7556}") = "PDN.TPS.SupplierManagement.Domain.UnitTest", "PDN.TPS.SupplierManagement.Domain.UnitTest\PDN.TPS.SupplierManagement.Domain.UnitTest.csproj", "{B7A81888-E4ED-44A3-A821-921CA0A325B4}"
EndProject
Project("{2150E333-8FDC-42A3-9474-1A3956D46DE8}") = "Write", "Write", "{784E1A24-31E1-4A66-BFE4-E29955221769}"
EndProject
Project("{2150E333-8FDC-42A3-9474-1A3956D46DE8}") = "Read", "Read", "{26F1D20E-BC79-4923-957C-4BAD18C5C369}"
EndProject
Project("{FAE04EC0-301F-11D3-BF4B-00C04F79EFBC}") = "PDN.TPS.SupplierManagement.Query.DataContext", "PDN.TPS.SupplierManagement.Query.DataContext\PDN.TPS.SupplierManagement.Query.DataContext.csproj", "{AB66D899-A56E-4568-A293-CDED8AD0405A}"
EndProject
Project("{FAE04EC0-301F-11D3-BF4B-00C04F79EFBC}") = "PDN.TPS.SupplierManagement.QueryService", "PDN.TPS.SupplierManagement.QueryService\PDN.TPS.SupplierManagement.QueryService.csproj", "{50C04357-74A8-4B7C-B406-CE42DFC2DE5D}"
EndProject
Project("{FAE04EC0-301F-11D3-BF4B-00C04F79EFBC}") = "PDN.TPS.SupplierManagement.QueryService.Contracts", "PDN.TPS.SupplierManagement.QueryService.Contracts\PDN.TPS.SupplierManagement.QueryService.Contracts.csproj", "{BBBE5B98-44A9-4078-998A-77458AD2E033}"
EndProject
Project("{FAE04EC0-301F-11D3-BF4B-00C04F79EFBC}") = "PDN.TPS.SupplierManagement.DependencyConfig", "PDN.TPS.SupplierManagement.DependencyConfig\PDN.TPS.SupplierManagement.DependencyConfig.csproj", "{8F81A0A7-DB40-42C8-9627-E02B18D7517B}"
EndProject
Global
	GlobalSection(SolutionConfigurationPlatforms) = preSolution
		Debug|Any CPU = Debug|Any CPU
		Release|Any CPU = Release|Any CPU
	EndGlobalSection
	GlobalSection(ProjectConfigurationPlatforms) = postSolution
		{9F4DDFBD-C169-4DBB-99B8-D4FC1193939D}.Debug|Any CPU.ActiveCfg = Debug|Any CPU
		{9F4DDFBD-C169-4DBB-99B8-D4FC1193939D}.Debug|Any CPU.Build.0 = Debug|Any CPU
		{9F4DDFBD-C169-4DBB-99B8-D4FC1193939D}.Release|Any CPU.ActiveCfg = Release|Any CPU
		{9F4DDFBD-C169-4DBB-99B8-D4FC1193939D}.Release|Any CPU.Build.0 = Release|Any CPU
		{2DC819A5-D5CF-4B9E-9E08-D588BE050477}.Debug|Any CPU.ActiveCfg = Debug|Any CPU
		{2DC819A5-D5CF-4B9E-9E08-D588BE050477}.Debug|Any CPU.Build.0 = Debug|Any CPU
		{2DC819A5-D5CF-4B9E-9E08-D588BE050477}.Release|Any CPU.ActiveCfg = Release|Any CPU
		{2DC819A5-D5CF-4B9E-9E08-D588BE050477}.Release|Any CPU.Build.0 = Release|Any CPU
		{4E7CBC1E-55B4-42C2-9572-924218459FF8}.Debug|Any CPU.ActiveCfg = Debug|Any CPU
		{4E7CBC1E-55B4-42C2-9572-924218459FF8}.Debug|Any CPU.Build.0 = Debug|Any CPU
		{4E7CBC1E-55B4-42C2-9572-924218459FF8}.Release|Any CPU.ActiveCfg = Release|Any CPU
		{4E7CBC1E-55B4-42C2-9572-924218459FF8}.Release|Any CPU.Build.0 = Release|Any CPU
		{2758B9F4-5EA0-4545-9A9E-78A3032E614E}.Debug|Any CPU.ActiveCfg = Debug|Any CPU
		{2758B9F4-5EA0-4545-9A9E-78A3032E614E}.Debug|Any CPU.Build.0 = Debug|Any CPU
		{2758B9F4-5EA0-4545-9A9E-78A3032E614E}.Release|Any CPU.ActiveCfg = Release|Any CPU
		{2758B9F4-5EA0-4545-9A9E-78A3032E614E}.Release|Any CPU.Build.0 = Release|Any CPU
		{C56FCEE2-0E0C-41F4-81A8-48AB0996307B}.Debug|Any CPU.ActiveCfg = Debug|Any CPU
		{C56FCEE2-0E0C-41F4-81A8-48AB0996307B}.Debug|Any CPU.Build.0 = Debug|Any CPU
		{C56FCEE2-0E0C-41F4-81A8-48AB0996307B}.Release|Any CPU.ActiveCfg = Release|Any CPU
		{C56FCEE2-0E0C-41F4-81A8-48AB0996307B}.Release|Any CPU.Build.0 = Release|Any CPU
		{7D264833-FF0B-4222-872D-EA910B6D3005}.Debug|Any CPU.ActiveCfg = Debug|Any CPU
		{7D264833-FF0B-4222-872D-EA910B6D3005}.Debug|Any CPU.Build.0 = Debug|Any CPU
		{7D264833-FF0B-4222-872D-EA910B6D3005}.Release|Any CPU.ActiveCfg = Release|Any CPU
		{7D264833-FF0B-4222-872D-EA910B6D3005}.Release|Any CPU.Build.0 = Release|Any CPU
		{F730CE03-B122-432A-BFFF-6935497FE38D}.Debug|Any CPU.ActiveCfg = Debug|Any CPU
		{F730CE03-B122-432A-BFFF-6935497FE38D}.Debug|Any CPU.Build.0 = Debug|Any CPU
		{F730CE03-B122-432A-BFFF-6935497FE38D}.Release|Any CPU.ActiveCfg = Release|Any CPU
		{F730CE03-B122-432A-BFFF-6935497FE38D}.Release|Any CPU.Build.0 = Release|Any CPU
		{B7A81888-E4ED-44A3-A821-921CA0A325B4}.Debug|Any CPU.ActiveCfg = Debug|Any CPU
		{B7A81888-E4ED-44A3-A821-921CA0A325B4}.Debug|Any CPU.Build.0 = Debug|Any CPU
		{B7A81888-E4ED-44A3-A821-921CA0A325B4}.Release|Any CPU.ActiveCfg = Release|Any CPU
		{B7A81888-E4ED-44A3-A821-921CA0A325B4}.Release|Any CPU.Build.0 = Release|Any CPU
		{AB66D899-A56E-4568-A293-CDED8AD0405A}.Debug|Any CPU.ActiveCfg = Debug|Any CPU
		{AB66D899-A56E-4568-A293-CDED8AD0405A}.Debug|Any CPU.Build.0 = Debug|Any CPU
		{AB66D899-A56E-4568-A293-CDED8AD0405A}.Release|Any CPU.ActiveCfg = Release|Any CPU
		{AB66D899-A56E-4568-A293-CDED8AD0405A}.Release|Any CPU.Build.0 = Release|Any CPU
		{50C04357-74A8-4B7C-B406-CE42DFC2DE5D}.Debug|Any CPU.ActiveCfg = Debug|Any CPU
		{50C04357-74A8-4B7C-B406-CE42DFC2DE5D}.Debug|Any CPU.Build.0 = Debug|Any CPU
		{50C04357-74A8-4B7C-B406-CE42DFC2DE5D}.Release|Any CPU.ActiveCfg = Release|Any CPU
		{50C04357-74A8-4B7C-B406-CE42DFC2DE5D}.Release|Any CPU.Build.0 = Release|Any CPU
		{BBBE5B98-44A9-4078-998A-77458AD2E033}.Debug|Any CPU.ActiveCfg = Debug|Any CPU
		{BBBE5B98-44A9-4078-998A-77458AD2E033}.Debug|Any CPU.Build.0 = Debug|Any CPU
		{BBBE5B98-44A9-4078-998A-77458AD2E033}.Release|Any CPU.ActiveCfg = Release|Any CPU
		{BBBE5B98-44A9-4078-998A-77458AD2E033}.Release|Any CPU.Build.0 = Release|Any CPU
		{8F81A0A7-DB40-42C8-9627-E02B18D7517B}.Debug|Any CPU.ActiveCfg = Debug|Any CPU
		{8F81A0A7-DB40-42C8-9627-E02B18D7517B}.Debug|Any CPU.Build.0 = Debug|Any CPU
		{8F81A0A7-DB40-42C8-9627-E02B18D7517B}.Release|Any CPU.ActiveCfg = Release|Any CPU
		{8F81A0A7-DB40-42C8-9627-E02B18D7517B}.Release|Any CPU.Build.0 = Release|Any CPU
	EndGlobalSection
	GlobalSection(SolutionProperties) = preSolution
		HideSolutionNode = FALSE
	EndGlobalSection
	GlobalSection(NestedProjects) = preSolution
		{5EA66E20-E826-4B0E-A02E-B0B64333C29A} = {784E1A24-31E1-4A66-BFE4-E29955221769}
		{093A5516-8442-45C3-922A-251642525352} = {784E1A24-31E1-4A66-BFE4-E29955221769}
		{9461A352-B7EE-47BF-9E1D-2C1218544FD1} = {C56258B9-99CD-4102-B91F-7932F89A4284}
		{98318C9A-9C97-4566-97AB-451878ED0127} = {88345209-6E91-4F8C-B69A-01752B6BFFBD}
		{44715DAC-6505-4196-B399-38AB894ED3E3} = {88345209-6E91-4F8C-B69A-01752B6BFFBD}
		{CF7A941F-8A00-4E4B-A42B-3C72817F3DDC} = {88345209-6E91-4F8C-B69A-01752B6BFFBD}
		{9F4DDFBD-C169-4DBB-99B8-D4FC1193939D} = {9461A352-B7EE-47BF-9E1D-2C1218544FD1}
		{14164DA7-7F3B-41A9-AF48-51C7A927BAC0} = {784E1A24-31E1-4A66-BFE4-E29955221769}
		{5497CC48-291A-46B8-A817-82194043A48E} = {88345209-6E91-4F8C-B69A-01752B6BFFBD}
		{2DC819A5-D5CF-4B9E-9E08-D588BE050477} = {14164DA7-7F3B-41A9-AF48-51C7A927BAC0}
		{4E7CBC1E-55B4-42C2-9572-924218459FF8} = {093A5516-8442-45C3-922A-251642525352}
		{2758B9F4-5EA0-4545-9A9E-78A3032E614E} = {093A5516-8442-45C3-922A-251642525352}
		{C56FCEE2-0E0C-41F4-81A8-48AB0996307B} = {093A5516-8442-45C3-922A-251642525352}
		{7D264833-FF0B-4222-872D-EA910B6D3005} = {5EA66E20-E826-4B0E-A02E-B0B64333C29A}
		{F730CE03-B122-432A-BFFF-6935497FE38D} = {5EA66E20-E826-4B0E-A02E-B0B64333C29A}
		{B7A81888-E4ED-44A3-A821-921CA0A325B4} = {5EA66E20-E826-4B0E-A02E-B0B64333C29A}
		{784E1A24-31E1-4A66-BFE4-E29955221769} = {C56258B9-99CD-4102-B91F-7932F89A4284}
		{26F1D20E-BC79-4923-957C-4BAD18C5C369} = {C56258B9-99CD-4102-B91F-7932F89A4284}
		{AB66D899-A56E-4568-A293-CDED8AD0405A} = {26F1D20E-BC79-4923-957C-4BAD18C5C369}
		{50C04357-74A8-4B7C-B406-CE42DFC2DE5D} = {26F1D20E-BC79-4923-957C-4BAD18C5C369}
		{BBBE5B98-44A9-4078-998A-77458AD2E033} = {26F1D20E-BC79-4923-957C-4BAD18C5C369}
		{8F81A0A7-DB40-42C8-9627-E02B18D7517B} = {14164DA7-7F3B-41A9-AF48-51C7A927BAC0}
	EndGlobalSection
	GlobalSection(ExtensibilityGlobals) = postSolution
		SolutionGuid = {E5F77B04-9FCE-4E89-A11E-DD6BCFBF205E}
	EndGlobalSection
EndGlobal
